
Microsoft Visual Studio Solution File, Format Version 12.00
# Visual Studio 14
VisualStudioVersion = 14.0.25123.0
MinimumVisualStudioVersion = 10.0.40219.1
Project("{FAE04EC0-301F-11D3-BF4B-00C04F79EFBC}") = "TSP Dashboard", "TSP Dashboard\TSP Dashboard.csproj", "{E04AD5B0-126A-40E6-8C2A-C3C108828CAA}"
EndProject
Project("{FAE04EC0-301F-11D3-BF4B-00C04F79EFBC}") = "TSP Dashboard.Tests", "TSP Dashboard.Tests\TSP Dashboard.Tests.csproj", "{A5F1063D-E8FD-4E38-B615-667EAFFAB231}"
EndProject
Project("{FAE04EC0-301F-11D3-BF4B-00C04F79EFBC}") = "TSPDAO", "TSPDAO\TSPDAO.csproj", "{9273F16D-8190-4DA7-A850-EE2DA2E95CDD}"
EndProject
Project("{FAE04EC0-301F-11D3-BF4B-00C04F79EFBC}") = "Dominio", "Dominio\Dominio.csproj", "{D6387FAE-2F03-42EF-8357-5C25E55A6E8A}"
EndProject
Global
	GlobalSection(SolutionConfigurationPlatforms) = preSolution
		Debug|Any CPU = Debug|Any CPU
		Release|Any CPU = Release|Any CPU
	EndGlobalSection
	GlobalSection(ProjectConfigurationPlatforms) = postSolution
		{E04AD5B0-126A-40E6-8C2A-C3C108828CAA}.Debug|Any CPU.ActiveCfg = Debug|Any CPU
		{E04AD5B0-126A-40E6-8C2A-C3C108828CAA}.Debug|Any CPU.Build.0 = Debug|Any CPU
		{E04AD5B0-126A-40E6-8C2A-C3C108828CAA}.Release|Any CPU.ActiveCfg = Release|Any CPU
		{E04AD5B0-126A-40E6-8C2A-C3C108828CAA}.Release|Any CPU.Build.0 = Release|Any CPU
		{A5F1063D-E8FD-4E38-B615-667EAFFAB231}.Debug|Any CPU.ActiveCfg = Debug|Any CPU
		{A5F1063D-E8FD-4E38-B615-667EAFFAB231}.Debug|Any CPU.Build.0 = Debug|Any CPU
		{A5F1063D-E8FD-4E38-B615-667EAFFAB231}.Release|Any CPU.ActiveCfg = Release|Any CPU
		{A5F1063D-E8FD-4E38-B615-667EAFFAB231}.Release|Any CPU.Build.0 = Release|Any CPU
		{9273F16D-8190-4DA7-A850-EE2DA2E95CDD}.Debug|Any CPU.ActiveCfg = Debug|Any CPU
		{9273F16D-8190-4DA7-A850-EE2DA2E95CDD}.Debug|Any CPU.Build.0 = Debug|Any CPU
		{9273F16D-8190-4DA7-A850-EE2DA2E95CDD}.Release|Any CPU.ActiveCfg = Release|Any CPU
		{9273F16D-8190-4DA7-A850-EE2DA2E95CDD}.Release|Any CPU.Build.0 = Release|Any CPU
		{D6387FAE-2F03-42EF-8357-5C25E55A6E8A}.Debug|Any CPU.ActiveCfg = Debug|Any CPU
		{D6387FAE-2F03-42EF-8357-5C25E55A6E8A}.Debug|Any CPU.Build.0 = Debug|Any CPU
		{D6387FAE-2F03-42EF-8357-5C25E55A6E8A}.Release|Any CPU.ActiveCfg = Release|Any CPU
		{D6387FAE-2F03-42EF-8357-5C25E55A6E8A}.Release|Any CPU.Build.0 = Release|Any CPU
	EndGlobalSection
	GlobalSection(SolutionProperties) = preSolution
		HideSolutionNode = FALSE
	EndGlobalSection
EndGlobal
